
Microsoft Visual Studio Solution File, Format Version 12.00
# Visual Studio Version 17
VisualStudioVersion = 17.3.32811.315
MinimumVisualStudioVersion = 10.0.40219.1
Project("{9A19103F-16F7-4668-BE54-9A1E7A4F7556}") = "Sprint.DAL.EFCore", "Sprint.DAL\Sprint.DAL.EFCore.csproj", "{27EF8450-ECE8-4FA7-B845-39880ADC72AB}"
EndProject
Project("{9A19103F-16F7-4668-BE54-9A1E7A4F7556}") = "Sprint.Infrastructure", "Sprint.Infrastructure\Sprint.Infrastructure.csproj", "{CE475DC7-6AA8-4664-A2AC-022AB6F1AACE}"
EndProject
Project("{9A19103F-16F7-4668-BE54-9A1E7A4F7556}") = "Sprint.Infrastructure.EFCore", "Sprint.Infrastructure.EFCore\Sprint.Infrastructure.EFCore.csproj", "{9156E8AE-36DA-4625-A6AF-2F6ABF2FC597}"
EndProject
Project("{9A19103F-16F7-4668-BE54-9A1E7A4F7556}") = "Sprint.DAL.UnitTest", "Sprint.DAL.UnitTest\Sprint.DAL.UnitTest.csproj", "{2DCB9CF0-1169-4589-862D-8F3F57FC8E26}"
EndProject
Project("{9A19103F-16F7-4668-BE54-9A1E7A4F7556}") = "Sprint.BL", "Sprint.BL\Sprint.BL.csproj", "{14E2859D-3F9E-4C75-AA87-31CA8D5D367E}"
EndProject
Project("{9A19103F-16F7-4668-BE54-9A1E7A4F7556}") = "Sprint", "Sprint\Sprint.csproj", "{E10A6B5A-90C8-433F-8909-95C574FFA0BC}"
EndProject
Project("{FAE04EC0-301F-11D3-BF4B-00C04F79EFBC}") = "Sprint.Common", "Sprint.Common\Sprint.Common.csproj", "{7E422E9E-73BF-4E8F-B3E5-356D4E6B8ABD}"
EndProject
Project("{FAE04EC0-301F-11D3-BF4B-00C04F79EFBC}") = "Sprint.BL.UnitTest", "Sprint.BL.UnitTest\Sprint.BL.UnitTest.csproj", "{1579E04B-65AD-4461-AF34-CC9684EEB271}"
EndProject
Project("{FAE04EC0-301F-11D3-BF4B-00C04F79EFBC}") = "Sprint.MVC", "Sprint.MVC\Sprint.MVC.csproj", "{12BA5760-D6A8-4C18-BDC2-9C44392133F9}"
EndProject
Global
	GlobalSection(SolutionConfigurationPlatforms) = preSolution
		Debug|Any CPU = Debug|Any CPU
		Release|Any CPU = Release|Any CPU
	EndGlobalSection
	GlobalSection(ProjectConfigurationPlatforms) = postSolution
		{27EF8450-ECE8-4FA7-B845-39880ADC72AB}.Debug|Any CPU.ActiveCfg = Debug|Any CPU
		{27EF8450-ECE8-4FA7-B845-39880ADC72AB}.Debug|Any CPU.Build.0 = Debug|Any CPU
		{27EF8450-ECE8-4FA7-B845-39880ADC72AB}.Release|Any CPU.ActiveCfg = Release|Any CPU
		{27EF8450-ECE8-4FA7-B845-39880ADC72AB}.Release|Any CPU.Build.0 = Release|Any CPU
		{CE475DC7-6AA8-4664-A2AC-022AB6F1AACE}.Debug|Any CPU.ActiveCfg = Debug|Any CPU
		{CE475DC7-6AA8-4664-A2AC-022AB6F1AACE}.Debug|Any CPU.Build.0 = Debug|Any CPU
		{CE475DC7-6AA8-4664-A2AC-022AB6F1AACE}.Release|Any CPU.ActiveCfg = Release|Any CPU
		{CE475DC7-6AA8-4664-A2AC-022AB6F1AACE}.Release|Any CPU.Build.0 = Release|Any CPU
		{9156E8AE-36DA-4625-A6AF-2F6ABF2FC597}.Debug|Any CPU.ActiveCfg = Debug|Any CPU
		{9156E8AE-36DA-4625-A6AF-2F6ABF2FC597}.Debug|Any CPU.Build.0 = Debug|Any CPU
		{9156E8AE-36DA-4625-A6AF-2F6ABF2FC597}.Release|Any CPU.ActiveCfg = Release|Any CPU
		{9156E8AE-36DA-4625-A6AF-2F6ABF2FC597}.Release|Any CPU.Build.0 = Release|Any CPU
		{2DCB9CF0-1169-4589-862D-8F3F57FC8E26}.Debug|Any CPU.ActiveCfg = Debug|Any CPU
		{2DCB9CF0-1169-4589-862D-8F3F57FC8E26}.Debug|Any CPU.Build.0 = Debug|Any CPU
		{2DCB9CF0-1169-4589-862D-8F3F57FC8E26}.Release|Any CPU.ActiveCfg = Release|Any CPU
		{2DCB9CF0-1169-4589-862D-8F3F57FC8E26}.Release|Any CPU.Build.0 = Release|Any CPU
		{14E2859D-3F9E-4C75-AA87-31CA8D5D367E}.Debug|Any CPU.ActiveCfg = Debug|Any CPU
		{14E2859D-3F9E-4C75-AA87-31CA8D5D367E}.Debug|Any CPU.Build.0 = Debug|Any CPU
		{14E2859D-3F9E-4C75-AA87-31CA8D5D367E}.Release|Any CPU.ActiveCfg = Release|Any CPU
		{14E2859D-3F9E-4C75-AA87-31CA8D5D367E}.Release|Any CPU.Build.0 = Release|Any CPU
		{E10A6B5A-90C8-433F-8909-95C574FFA0BC}.Debug|Any CPU.ActiveCfg = Debug|Any CPU
		{E10A6B5A-90C8-433F-8909-95C574FFA0BC}.Debug|Any CPU.Build.0 = Debug|Any CPU
		{E10A6B5A-90C8-433F-8909-95C574FFA0BC}.Release|Any CPU.ActiveCfg = Release|Any CPU
		{E10A6B5A-90C8-433F-8909-95C574FFA0BC}.Release|Any CPU.Build.0 = Release|Any CPU
		{7E422E9E-73BF-4E8F-B3E5-356D4E6B8ABD}.Debug|Any CPU.ActiveCfg = Debug|Any CPU
		{7E422E9E-73BF-4E8F-B3E5-356D4E6B8ABD}.Debug|Any CPU.Build.0 = Debug|Any CPU
		{7E422E9E-73BF-4E8F-B3E5-356D4E6B8ABD}.Release|Any CPU.ActiveCfg = Release|Any CPU
		{7E422E9E-73BF-4E8F-B3E5-356D4E6B8ABD}.Release|Any CPU.Build.0 = Release|Any CPU
		{1579E04B-65AD-4461-AF34-CC9684EEB271}.Debug|Any CPU.ActiveCfg = Debug|Any CPU
		{1579E04B-65AD-4461-AF34-CC9684EEB271}.Debug|Any CPU.Build.0 = Debug|Any CPU
		{1579E04B-65AD-4461-AF34-CC9684EEB271}.Release|Any CPU.ActiveCfg = Release|Any CPU
		{1579E04B-65AD-4461-AF34-CC9684EEB271}.Release|Any CPU.Build.0 = Release|Any CPU
		{66355F81-CE46-4504-AC5E-C09B12A67BA5}.Debug|Any CPU.ActiveCfg = Debug|Any CPU
		{66355F81-CE46-4504-AC5E-C09B12A67BA5}.Debug|Any CPU.Build.0 = Debug|Any CPU
		{66355F81-CE46-4504-AC5E-C09B12A67BA5}.Release|Any CPU.ActiveCfg = Release|Any CPU
		{66355F81-CE46-4504-AC5E-C09B12A67BA5}.Release|Any CPU.Build.0 = Release|Any CPU
		{12BA5760-D6A8-4C18-BDC2-9C44392133F9}.Debug|Any CPU.ActiveCfg = Debug|Any CPU
		{12BA5760-D6A8-4C18-BDC2-9C44392133F9}.Debug|Any CPU.Build.0 = Debug|Any CPU
		{12BA5760-D6A8-4C18-BDC2-9C44392133F9}.Release|Any CPU.ActiveCfg = Release|Any CPU
		{12BA5760-D6A8-4C18-BDC2-9C44392133F9}.Release|Any CPU.Build.0 = Release|Any CPU
	EndGlobalSection
	GlobalSection(SolutionProperties) = preSolution
		HideSolutionNode = FALSE
	EndGlobalSection
	GlobalSection(ExtensibilityGlobals) = postSolution
		SolutionGuid = {3321DE69-6A83-4471-B4DB-E604EFD6AD14}
	EndGlobalSection
EndGlobal
